<Solution>
  <Folder Name="/_1_Entities/">
    <Project Path="_1_Entities/Ball/Ball.csproj" />
    <Project Path="_1_Entities/Container/Container.csproj" />
    <Project Path="_1_Entities/EntitiesTests/EntitiesTests.csproj" />
    <Project Path="_1_Entities/Match/Match.csproj" />
    <Project Path="_1_Entities/Paddles/Paddles.csproj" />
    <Project Path="_1_Entities/Players/Players.csproj" />
    <Project Path="_1_Entities/Stage/Stage.csproj" />
  </Folder>
  <Folder Name="/_2_Use_Cases/">
    <Project Path="_2_Use_Cases/BallInteractor/BallInteractor.csproj" />
    <Project Path="_2_Use_Cases/MatchInteractor/MatchInteractor.csproj" />
    <Project Path="_2_Use_Cases/PaddlesInteractor/PaddlesInteractor.csproj" />
    <Project Path="_2_Use_Cases/PlayersInteractor/PlayersInteractor.csproj" />
    <Project Path="_2_Use_Cases/StageInteractor/StageInteractor.csproj" />
    <Project Path="_2_Use_Cases/UseCasesTests/UseCasesTests.csproj" />
  </Folder>
  <Folder Name="/_3_Controllers_and_Presenters/">
    <Project Path="_3_Controllers_and_Presenters/BallController/BallController.csproj" />
    <Project Path="_3_Controllers_and_Presenters/BallPresenter/BallPresenter.csproj" />
    <Project Path="_3_Controllers_and_Presenters/MatchController/MatchController.csproj" />
    <Project Path="_3_Controllers_and_Presenters/MatchPresenter/MatchPresenter.csproj" />
    <Project Path="_3_Controllers_and_Presenters/PaddlePresenter/PaddlePresenter.csproj" />
    <Project Path="_3_Controllers_and_Presenters/PaddlesController/PaddlesController.csproj" />
    <Project Path="_3_Controllers_and_Presenters/PlayerPresenter/PlayerPresenter.csproj" />
    <Project Path="_3_Controllers_and_Presenters/PlayersController/PlayersController.csproj" />
    <Project Path="_3_Controllers_and_Presenters/StageController/StageController.csproj" />
    <Project Path="_3_Controllers_and_Presenters/StagePresenter/StagePresenter.csproj" />
    <Project Path="_3_Controllers_and_Presenters/TickService/TickService.csproj" />
  </Folder>
  <Folder Name="/_4_Infrastructure/" />
  <Folder Name="/_4_Infrastructure/ConsolePong/">
    <Project Path="_4_Infrastructure/ConsolePong/ConsoleBallView/ConsoleBallView.csproj" />
    <Project Path="_4_Infrastructure/ConsolePong/ConsoleMatchView/ConsoleMatchView.csproj" />
    <Project Path="_4_Infrastructure/ConsolePong/ConsolePaddlesInput/ConsolePaddlesInput.csproj" />
    <Project Path="_4_Infrastructure/ConsolePong/ConsolePaddleView/ConsolePaddleView.csproj" />
    <Project Path="_4_Infrastructure/ConsolePong/ConsolePlayerView/ConsolePlayerView.csproj" />
    <Project Path="_4_Infrastructure/ConsolePong/ConsoleStageView/ConsoleStageView.csproj" />
    <Project Path="_4_Infrastructure/ConsolePong/ConsoleTickService/ConsoleTickService.csproj" />
    <Project Path="_4_Infrastructure/ConsolePong/ConsoleViewBatch/ConsoleViewBatch.csproj" />
    <Project Path="_4_Infrastructure/ConsolePong/Main/Main.csproj" />
  </Folder>
</Solution>
